// !$*UTF8*$!
{
	archiveVersion = 1;
	classes = {
	};
	objectVersion = 50;
	objects = {

/* Begin PBXBuildFile section */
		847ABF7B21E7940B009E8A7B /* PersonasVisitaViewController.swift in Sources */ = {isa = PBXBuildFile; fileRef = 847ABF7A21E7940B009E8A7B /* PersonasVisitaViewController.swift */; };
		847ABF7D21E7951F009E8A7B /* Persona.swift in Sources */ = {isa = PBXBuildFile; fileRef = 847ABF7C21E7951F009E8A7B /* Persona.swift */; };
		847ABF7F21E79541009E8A7B /* helpers.swift in Sources */ = {isa = PBXBuildFile; fileRef = 847ABF7E21E79541009E8A7B /* helpers.swift */; };
		847ABF8121E797AC009E8A7B /* RutasViewController.swift in Sources */ = {isa = PBXBuildFile; fileRef = 847ABF8021E797AC009E8A7B /* RutasViewController.swift */; };
		847AC00321E7F97C009E8A7B /* ModelEmpleado.xcdatamodeld in Sources */ = {isa = PBXBuildFile; fileRef = 847AC00121E7F97C009E8A7B /* ModelEmpleado.xcdatamodeld */; };
		847AC00521E7F9BB009E8A7B /* EmpleadoViewController.swift in Sources */ = {isa = PBXBuildFile; fileRef = 847AC00421E7F9BB009E8A7B /* EmpleadoViewController.swift */; };
		847AC00B21E81319009E8A7B /* RegistroEmpleado.swift in Sources */ = {isa = PBXBuildFile; fileRef = 847AC00A21E81319009E8A7B /* RegistroEmpleado.swift */; };
		847AC00D21E8FDDC009E8A7B /* loginResult.swift in Sources */ = {isa = PBXBuildFile; fileRef = 847AC00C21E8FDDC009E8A7B /* loginResult.swift */; };
		847D6B9B21E642B9004A4F9E /* Constantes.swift in Sources */ = {isa = PBXBuildFile; fileRef = 847D6B9A21E642B9004A4F9E /* Constantes.swift */; };
		847D6B9D21E64706004A4F9E /* Extension.swift in Sources */ = {isa = PBXBuildFile; fileRef = 847D6B9C21E64706004A4F9E /* Extension.swift */; };
		84FBC88221E3D2EF00DE193B /* AppDelegate.swift in Sources */ = {isa = PBXBuildFile; fileRef = 84FBC88121E3D2EF00DE193B /* AppDelegate.swift */; };
		84FBC88421E3D2EF00DE193B /* ViewController.swift in Sources */ = {isa = PBXBuildFile; fileRef = 84FBC88321E3D2EF00DE193B /* ViewController.swift */; };
		84FBC88721E3D2EF00DE193B /* Main.storyboard in Resources */ = {isa = PBXBuildFile; fileRef = 84FBC88521E3D2EF00DE193B /* Main.storyboard */; };
		84FBC88921E3D2F000DE193B /* Assets.xcassets in Resources */ = {isa = PBXBuildFile; fileRef = 84FBC88821E3D2F000DE193B /* Assets.xcassets */; };
		84FBC88C21E3D2F000DE193B /* LaunchScreen.storyboard in Resources */ = {isa = PBXBuildFile; fileRef = 84FBC88A21E3D2F000DE193B /* LaunchScreen.storyboard */; };
		84FBC89721E3D2F000DE193B /* Practica1Tests.swift in Sources */ = {isa = PBXBuildFile; fileRef = 84FBC89621E3D2F000DE193B /* Practica1Tests.swift */; };
		84FBC8A221E3D2F000DE193B /* Practica1UITests.swift in Sources */ = {isa = PBXBuildFile; fileRef = 84FBC8A121E3D2F000DE193B /* Practica1UITests.swift */; };
		84FBC8EC21E3F12100DE193B /* RegistroViewController.swift in Sources */ = {isa = PBXBuildFile; fileRef = 84FBC8EB21E3F12100DE193B /* RegistroViewController.swift */; };
		84FBC8F021E3FC8B00DE193B /* Registro.swift in Sources */ = {isa = PBXBuildFile; fileRef = 84FBC8EF21E3FC8B00DE193B /* Registro.swift */; };
		84FBC8F221E50F1F00DE193B /* WelcomeViewController.swift in Sources */ = {isa = PBXBuildFile; fileRef = 84FBC8F121E50F1F00DE193B /* WelcomeViewController.swift */; };
		84FBC8F421E5150700DE193B /* RecuperarContraseñaViewController.swift in Sources */ = {isa = PBXBuildFile; fileRef = 84FBC8F321E5150700DE193B /* RecuperarContraseñaViewController.swift */; };
/* End PBXBuildFile section */

/* Begin PBXContainerItemProxy section */
		84FBC89321E3D2F000DE193B /* PBXContainerItemProxy */ = {
			isa = PBXContainerItemProxy;
			containerPortal = 84FBC87621E3D2EF00DE193B /* Project object */;
			proxyType = 1;
			remoteGlobalIDString = 84FBC87D21E3D2EF00DE193B;
			remoteInfo = Practica1;
		};
		84FBC89E21E3D2F000DE193B /* PBXContainerItemProxy */ = {
			isa = PBXContainerItemProxy;
			containerPortal = 84FBC87621E3D2EF00DE193B /* Project object */;
			proxyType = 1;
			remoteGlobalIDString = 84FBC87D21E3D2EF00DE193B;
			remoteInfo = Practica1;
		};
/* End PBXContainerItemProxy section */

/* Begin PBXFileReference section */
		847ABF7A21E7940B009E8A7B /* PersonasVisitaViewController.swift */ = {isa = PBXFileReference; lastKnownFileType = sourcecode.swift; path = PersonasVisitaViewController.swift; sourceTree = "<group>"; };
		847ABF7C21E7951F009E8A7B /* Persona.swift */ = {isa = PBXFileReference; lastKnownFileType = sourcecode.swift; path = Persona.swift; sourceTree = "<group>"; };
		847ABF7E21E79541009E8A7B /* helpers.swift */ = {isa = PBXFileReference; lastKnownFileType = sourcecode.swift; path = helpers.swift; sourceTree = "<group>"; };
		847ABF8021E797AC009E8A7B /* RutasViewController.swift */ = {isa = PBXFileReference; lastKnownFileType = sourcecode.swift; path = RutasViewController.swift; sourceTree = "<group>"; };
		847AC00221E7F97C009E8A7B /* ModelEmpleado.xcdatamodel */ = {isa = PBXFileReference; lastKnownFileType = wrapper.xcdatamodel; path = ModelEmpleado.xcdatamodel; sourceTree = "<group>"; };
		847AC00421E7F9BB009E8A7B /* EmpleadoViewController.swift */ = {isa = PBXFileReference; lastKnownFileType = sourcecode.swift; path = EmpleadoViewController.swift; sourceTree = "<group>"; };
		847AC00A21E81319009E8A7B /* RegistroEmpleado.swift */ = {isa = PBXFileReference; lastKnownFileType = sourcecode.swift; path = RegistroEmpleado.swift; sourceTree = "<group>"; };
		847AC00C21E8FDDC009E8A7B /* loginResult.swift */ = {isa = PBXFileReference; lastKnownFileType = sourcecode.swift; path = loginResult.swift; sourceTree = "<group>"; };
		847D6B9A21E642B9004A4F9E /* Constantes.swift */ = {isa = PBXFileReference; lastKnownFileType = sourcecode.swift; path = Constantes.swift; sourceTree = "<group>"; };
		847D6B9C21E64706004A4F9E /* Extension.swift */ = {isa = PBXFileReference; lastKnownFileType = sourcecode.swift; path = Extension.swift; sourceTree = "<group>"; };
		84FBC87E21E3D2EF00DE193B /* Practica1.app */ = {isa = PBXFileReference; explicitFileType = wrapper.application; includeInIndex = 0; path = Practica1.app; sourceTree = BUILT_PRODUCTS_DIR; };
		84FBC88121E3D2EF00DE193B /* AppDelegate.swift */ = {isa = PBXFileReference; lastKnownFileType = sourcecode.swift; path = AppDelegate.swift; sourceTree = "<group>"; };
		84FBC88321E3D2EF00DE193B /* ViewController.swift */ = {isa = PBXFileReference; lastKnownFileType = sourcecode.swift; path = ViewController.swift; sourceTree = "<group>"; };
		84FBC88621E3D2EF00DE193B /* Base */ = {isa = PBXFileReference; lastKnownFileType = file.storyboard; name = Base; path = Base.lproj/Main.storyboard; sourceTree = "<group>"; };
		84FBC88821E3D2F000DE193B /* Assets.xcassets */ = {isa = PBXFileReference; lastKnownFileType = folder.assetcatalog; path = Assets.xcassets; sourceTree = "<group>"; };
		84FBC88B21E3D2F000DE193B /* Base */ = {isa = PBXFileReference; lastKnownFileType = file.storyboard; name = Base; path = Base.lproj/LaunchScreen.storyboard; sourceTree = "<group>"; };
		84FBC88D21E3D2F000DE193B /* Info.plist */ = {isa = PBXFileReference; lastKnownFileType = text.plist.xml; path = Info.plist; sourceTree = "<group>"; };
		84FBC89221E3D2F000DE193B /* Practica1Tests.xctest */ = {isa = PBXFileReference; explicitFileType = wrapper.cfbundle; includeInIndex = 0; path = Practica1Tests.xctest; sourceTree = BUILT_PRODUCTS_DIR; };
		84FBC89621E3D2F000DE193B /* Practica1Tests.swift */ = {isa = PBXFileReference; lastKnownFileType = sourcecode.swift; path = Practica1Tests.swift; sourceTree = "<group>"; };
		84FBC89821E3D2F000DE193B /* Info.plist */ = {isa = PBXFileReference; lastKnownFileType = text.plist.xml; path = Info.plist; sourceTree = "<group>"; };
		84FBC89D21E3D2F000DE193B /* Practica1UITests.xctest */ = {isa = PBXFileReference; explicitFileType = wrapper.cfbundle; includeInIndex = 0; path = Practica1UITests.xctest; sourceTree = BUILT_PRODUCTS_DIR; };
		84FBC8A121E3D2F000DE193B /* Practica1UITests.swift */ = {isa = PBXFileReference; lastKnownFileType = sourcecode.swift; path = Practica1UITests.swift; sourceTree = "<group>"; };
		84FBC8A321E3D2F000DE193B /* Info.plist */ = {isa = PBXFileReference; lastKnownFileType = text.plist.xml; path = Info.plist; sourceTree = "<group>"; };
		84FBC8EB21E3F12100DE193B /* RegistroViewController.swift */ = {isa = PBXFileReference; lastKnownFileType = sourcecode.swift; path = RegistroViewController.swift; sourceTree = "<group>"; };
		84FBC8EF21E3FC8B00DE193B /* Registro.swift */ = {isa = PBXFileReference; lastKnownFileType = sourcecode.swift; path = Registro.swift; sourceTree = "<group>"; };
		84FBC8F121E50F1F00DE193B /* WelcomeViewController.swift */ = {isa = PBXFileReference; lastKnownFileType = sourcecode.swift; path = WelcomeViewController.swift; sourceTree = "<group>"; };
		84FBC8F321E5150700DE193B /* RecuperarContraseñaViewController.swift */ = {isa = PBXFileReference; lastKnownFileType = sourcecode.swift; path = "RecuperarContraseñaViewController.swift"; sourceTree = "<group>"; };
/* End PBXFileReference section */

/* Begin PBXFrameworksBuildPhase section */
		84FBC87B21E3D2EF00DE193B /* Frameworks */ = {
			isa = PBXFrameworksBuildPhase;
			buildActionMask = 2147483647;
			files = (
			);
			runOnlyForDeploymentPostprocessing = 0;
		};
		84FBC88F21E3D2F000DE193B /* Frameworks */ = {
			isa = PBXFrameworksBuildPhase;
			buildActionMask = 2147483647;
			files = (
			);
			runOnlyForDeploymentPostprocessing = 0;
		};
		84FBC89A21E3D2F000DE193B /* Frameworks */ = {
			isa = PBXFrameworksBuildPhase;
			buildActionMask = 2147483647;
			files = (
			);
			runOnlyForDeploymentPostprocessing = 0;
		};
/* End PBXFrameworksBuildPhase section */

/* Begin PBXGroup section */
		84FBC87521E3D2EF00DE193B = {
			isa = PBXGroup;
			children = (
				84FBC88021E3D2EF00DE193B /* Practica1 */,
				84FBC89521E3D2F000DE193B /* Practica1Tests */,
				84FBC8A021E3D2F000DE193B /* Practica1UITests */,
				84FBC87F21E3D2EF00DE193B /* Products */,
			);
			sourceTree = "<group>";
		};
		84FBC87F21E3D2EF00DE193B /* Products */ = {
			isa = PBXGroup;
			children = (
				84FBC87E21E3D2EF00DE193B /* Practica1.app */,
				84FBC89221E3D2F000DE193B /* Practica1Tests.xctest */,
				84FBC89D21E3D2F000DE193B /* Practica1UITests.xctest */,
			);
			name = Products;
			sourceTree = "<group>";
		};
		84FBC88021E3D2EF00DE193B /* Practica1 */ = {
			isa = PBXGroup;
			children = (
				84FBC88121E3D2EF00DE193B /* AppDelegate.swift */,
				847AC00121E7F97C009E8A7B /* ModelEmpleado.xcdatamodeld */,
				84FBC88321E3D2EF00DE193B /* ViewController.swift */,
				847AC00C21E8FDDC009E8A7B /* loginResult.swift */,
				847D6B9A21E642B9004A4F9E /* Constantes.swift */,
				847D6B9C21E64706004A4F9E /* Extension.swift */,
				84FBC88521E3D2EF00DE193B /* Main.storyboard */,
				847AC00421E7F9BB009E8A7B /* EmpleadoViewController.swift */,
				847ABF8021E797AC009E8A7B /* RutasViewController.swift */,
				847ABF7A21E7940B009E8A7B /* PersonasVisitaViewController.swift */,
				84FBC88821E3D2F000DE193B /* Assets.xcassets */,
				84FBC88A21E3D2F000DE193B /* LaunchScreen.storyboard */,
				84FBC88D21E3D2F000DE193B /* Info.plist */,
				84FBC8EB21E3F12100DE193B /* RegistroViewController.swift */,
				84FBC8EF21E3FC8B00DE193B /* Registro.swift */,
				84FBC8F121E50F1F00DE193B /* WelcomeViewController.swift */,
				84FBC8F321E5150700DE193B /* RecuperarContraseñaViewController.swift */,
				847ABF7C21E7951F009E8A7B /* Persona.swift */,
				847ABF7E21E79541009E8A7B /* helpers.swift */,
				847AC00A21E81319009E8A7B /* RegistroEmpleado.swift */,
			);
			path = Practica1;
			sourceTree = "<group>";
		};
		84FBC89521E3D2F000DE193B /* Practica1Tests */ = {
			isa = PBXGroup;
			children = (
				84FBC89621E3D2F000DE193B /* Practica1Tests.swift */,
				84FBC89821E3D2F000DE193B /* Info.plist */,
			);
			path = Practica1Tests;
			sourceTree = "<group>";
		};
		84FBC8A021E3D2F000DE193B /* Practica1UITests */ = {
			isa = PBXGroup;
			children = (
				84FBC8A121E3D2F000DE193B /* Practica1UITests.swift */,
				84FBC8A321E3D2F000DE193B /* Info.plist */,
			);
			path = Practica1UITests;
			sourceTree = "<group>";
		};
/* End PBXGroup section */

/* Begin PBXNativeTarget section */
		84FBC87D21E3D2EF00DE193B /* Practica1 */ = {
			isa = PBXNativeTarget;
			buildConfigurationList = 84FBC8A621E3D2F000DE193B /* Build configuration list for PBXNativeTarget "Practica1" */;
			buildPhases = (
				84FBC87A21E3D2EF00DE193B /* Sources */,
				84FBC87B21E3D2EF00DE193B /* Frameworks */,
				84FBC87C21E3D2EF00DE193B /* Resources */,
			);
			buildRules = (
			);
			dependencies = (
			);
			name = Practica1;
			productName = Practica1;
			productReference = 84FBC87E21E3D2EF00DE193B /* Practica1.app */;
			productType = "com.apple.product-type.application";
		};
		84FBC89121E3D2F000DE193B /* Practica1Tests */ = {
			isa = PBXNativeTarget;
			buildConfigurationList = 84FBC8A921E3D2F000DE193B /* Build configuration list for PBXNativeTarget "Practica1Tests" */;
			buildPhases = (
				84FBC88E21E3D2F000DE193B /* Sources */,
				84FBC88F21E3D2F000DE193B /* Frameworks */,
				84FBC89021E3D2F000DE193B /* Resources */,
			);
			buildRules = (
			);
			dependencies = (
				84FBC89421E3D2F000DE193B /* PBXTargetDependency */,
			);
			name = Practica1Tests;
			productName = Practica1Tests;
			productReference = 84FBC89221E3D2F000DE193B /* Practica1Tests.xctest */;
			productType = "com.apple.product-type.bundle.unit-test";
		};
		84FBC89C21E3D2F000DE193B /* Practica1UITests */ = {
			isa = PBXNativeTarget;
			buildConfigurationList = 84FBC8AC21E3D2F000DE193B /* Build configuration list for PBXNativeTarget "Practica1UITests" */;
			buildPhases = (
				84FBC89921E3D2F000DE193B /* Sources */,
				84FBC89A21E3D2F000DE193B /* Frameworks */,
				84FBC89B21E3D2F000DE193B /* Resources */,
			);
			buildRules = (
			);
			dependencies = (
				84FBC89F21E3D2F000DE193B /* PBXTargetDependency */,
			);
			name = Practica1UITests;
			productName = Practica1UITests;
			productReference = 84FBC89D21E3D2F000DE193B /* Practica1UITests.xctest */;
			productType = "com.apple.product-type.bundle.ui-testing";
		};
/* End PBXNativeTarget section */

/* Begin PBXProject section */
		84FBC87621E3D2EF00DE193B /* Project object */ = {
			isa = PBXProject;
			attributes = {
				LastSwiftUpdateCheck = 1000;
				LastUpgradeCheck = 1000;
				ORGANIZATIONNAME = usuario;
				TargetAttributes = {
					84FBC87D21E3D2EF00DE193B = {
						CreatedOnToolsVersion = 10.0;
					};
					84FBC89121E3D2F000DE193B = {
						CreatedOnToolsVersion = 10.0;
						TestTargetID = 84FBC87D21E3D2EF00DE193B;
					};
					84FBC89C21E3D2F000DE193B = {
						CreatedOnToolsVersion = 10.0;
						TestTargetID = 84FBC87D21E3D2EF00DE193B;
					};
				};
			};
			buildConfigurationList = 84FBC87921E3D2EF00DE193B /* Build configuration list for PBXProject "Practica1" */;
			compatibilityVersion = "Xcode 9.3";
			developmentRegion = en;
			hasScannedForEncodings = 0;
			knownRegions = (
				en,
				Base,
			);
			mainGroup = 84FBC87521E3D2EF00DE193B;
			productRefGroup = 84FBC87F21E3D2EF00DE193B /* Products */;
			projectDirPath = "";
			projectRoot = "";
			targets = (
				84FBC87D21E3D2EF00DE193B /* Practica1 */,
				84FBC89121E3D2F000DE193B /* Practica1Tests */,
				84FBC89C21E3D2F000DE193B /* Practica1UITests */,
			);
		};
/* End PBXProject section */

/* Begin PBXResourcesBuildPhase section */
		84FBC87C21E3D2EF00DE193B /* Resources */ = {
			isa = PBXResourcesBuildPhase;
			buildActionMask = 2147483647;
			files = (
				84FBC88C21E3D2F000DE193B /* LaunchScreen.storyboard in Resources */,
				84FBC88921E3D2F000DE193B /* Assets.xcassets in Resources */,
				84FBC88721E3D2EF00DE193B /* Main.storyboard in Resources */,
			);
			runOnlyForDeploymentPostprocessing = 0;
		};
		84FBC89021E3D2F000DE193B /* Resources */ = {
			isa = PBXResourcesBuildPhase;
			buildActionMask = 2147483647;
			files = (
			);
			runOnlyForDeploymentPostprocessing = 0;
		};
		84FBC89B21E3D2F000DE193B /* Resources */ = {
			isa = PBXResourcesBuildPhase;
			buildActionMask = 2147483647;
			files = (
			);
			runOnlyForDeploymentPostprocessing = 0;
		};
/* End PBXResourcesBuildPhase section */

/* Begin PBXSourcesBuildPhase section */
		84FBC87A21E3D2EF00DE193B /* Sources */ = {
			isa = PBXSourcesBuildPhase;
			buildActionMask = 2147483647;
			files = (
				84FBC8F021E3FC8B00DE193B /* Registro.swift in Sources */,
				847ABF7F21E79541009E8A7B /* helpers.swift in Sources */,
				847ABF8121E797AC009E8A7B /* RutasViewController.swift in Sources */,
				84FBC8F221E50F1F00DE193B /* WelcomeViewController.swift in Sources */,
				847AC00D21E8FDDC009E8A7B /* loginResult.swift in Sources */,
				84FBC8F421E5150700DE193B /* RecuperarContraseñaViewController.swift in Sources */,
				84FBC88421E3D2EF00DE193B /* ViewController.swift in Sources */,
				84FBC8EC21E3F12100DE193B /* RegistroViewController.swift in Sources */,
				847D6B9B21E642B9004A4F9E /* Constantes.swift in Sources */,
				84FBC88221E3D2EF00DE193B /* AppDelegate.swift in Sources */,
				847D6B9D21E64706004A4F9E /* Extension.swift in Sources */,
				847ABF7D21E7951F009E8A7B /* Persona.swift in Sources */,
				847AC00521E7F9BB009E8A7B /* EmpleadoViewController.swift in Sources */,
				847ABF7B21E7940B009E8A7B /* PersonasVisitaViewController.swift in Sources */,
				847AC00321E7F97C009E8A7B /* ModelEmpleado.xcdatamodeld in Sources */,
				847AC00B21E81319009E8A7B /* RegistroEmpleado.swift in Sources */,
			);
			runOnlyForDeploymentPostprocessing = 0;
		};
		84FBC88E21E3D2F000DE193B /* Sources */ = {
			isa = PBXSourcesBuildPhase;
			buildActionMask = 2147483647;
			files = (
				84FBC89721E3D2F000DE193B /* Practica1Tests.swift in Sources */,
			);
			runOnlyForDeploymentPostprocessing = 0;
		};
		84FBC89921E3D2F000DE193B /* Sources */ = {
			isa = PBXSourcesBuildPhase;
			buildActionMask = 2147483647;
			files = (
				84FBC8A221E3D2F000DE193B /* Practica1UITests.swift in Sources */,
			);
			runOnlyForDeploymentPostprocessing = 0;
		};
/* End PBXSourcesBuildPhase section */

/* Begin PBXTargetDependency section */
		84FBC89421E3D2F000DE193B /* PBXTargetDependency */ = {
			isa = PBXTargetDependency;
			target = 84FBC87D21E3D2EF00DE193B /* Practica1 */;
			targetProxy = 84FBC89321E3D2F000DE193B /* PBXContainerItemProxy */;
		};
		84FBC89F21E3D2F000DE193B /* PBXTargetDependency */ = {
			isa = PBXTargetDependency;
			target = 84FBC87D21E3D2EF00DE193B /* Practica1 */;
			targetProxy = 84FBC89E21E3D2F000DE193B /* PBXContainerItemProxy */;
		};
/* End PBXTargetDependency section */

/* Begin PBXVariantGroup section */
		84FBC88521E3D2EF00DE193B /* Main.storyboard */ = {
			isa = PBXVariantGroup;
			children = (
				84FBC88621E3D2EF00DE193B /* Base */,
			);
			name = Main.storyboard;
			sourceTree = "<group>";
		};
		84FBC88A21E3D2F000DE193B /* LaunchScreen.storyboard */ = {
			isa = PBXVariantGroup;
			children = (
				84FBC88B21E3D2F000DE193B /* Base */,
			);
			name = LaunchScreen.storyboard;
			sourceTree = "<group>";
		};
/* End PBXVariantGroup section */

/* Begin XCBuildConfiguration section */
		84FBC8A421E3D2F000DE193B /* Debug */ = {
			isa = XCBuildConfiguration;
			buildSettings = {
				ALWAYS_SEARCH_USER_PATHS = NO;
				CLANG_ANALYZER_NONNULL = YES;
				CLANG_ANALYZER_NUMBER_OBJECT_CONVERSION = YES_AGGRESSIVE;
				CLANG_CXX_LANGUAGE_STANDARD = "gnu++14";
				CLANG_CXX_LIBRARY = "libc++";
				CLANG_ENABLE_MODULES = YES;
				CLANG_ENABLE_OBJC_ARC = YES;
				CLANG_ENABLE_OBJC_WEAK = YES;
				CLANG_WARN_BLOCK_CAPTURE_AUTORELEASING = YES;
				CLANG_WARN_BOOL_CONVERSION = YES;
				CLANG_WARN_COMMA = YES;
				CLANG_WARN_CONSTANT_CONVERSION = YES;
				CLANG_WARN_DEPRECATED_OBJC_IMPLEMENTATIONS = YES;
				CLANG_WARN_DIRECT_OBJC_ISA_USAGE = YES_ERROR;
				CLANG_WARN_DOCUMENTATION_COMMENTS = YES;
				CLANG_WARN_EMPTY_BODY = YES;
				CLANG_WARN_ENUM_CONVERSION = YES;
				CLANG_WARN_INFINITE_RECURSION = YES;
				CLANG_WARN_INT_CONVERSION = YES;
				CLANG_WARN_NON_LITERAL_NULL_CONVERSION = YES;
				CLANG_WARN_OBJC_IMPLICIT_RETAIN_SELF = YES;
				CLANG_WARN_OBJC_LITERAL_CONVERSION = YES;
				CLANG_WARN_OBJC_ROOT_CLASS = YES_ERROR;
				CLANG_WARN_RANGE_LOOP_ANALYSIS = YES;
				CLANG_WARN_STRICT_PROTOTYPES = YES;
				CLANG_WARN_SUSPICIOUS_MOVE = YES;
				CLANG_WARN_UNGUARDED_AVAILABILITY = YES_AGGRESSIVE;
				CLANG_WARN_UNREACHABLE_CODE = YES;
				CLANG_WARN__DUPLICATE_METHOD_MATCH = YES;
				CODE_SIGN_IDENTITY = "iPhone Developer";
				COPY_PHASE_STRIP = NO;
				DEBUG_INFORMATION_FORMAT = dwarf;
				ENABLE_STRICT_OBJC_MSGSEND = YES;
				ENABLE_TESTABILITY = YES;
				GCC_C_LANGUAGE_STANDARD = gnu11;
				GCC_DYNAMIC_NO_PIC = NO;
				GCC_NO_COMMON_BLOCKS = YES;
				GCC_OPTIMIZATION_LEVEL = 0;
				GCC_PREPROCESSOR_DEFINITIONS = (
					"DEBUG=1",
					"$(inherited)",
				);
				GCC_WARN_64_TO_32_BIT_CONVERSION = YES;
				GCC_WARN_ABOUT_RETURN_TYPE = YES_ERROR;
				GCC_WARN_UNDECLARED_SELECTOR = YES;
				GCC_WARN_UNINITIALIZED_AUTOS = YES_AGGRESSIVE;
				GCC_WARN_UNUSED_FUNCTION = YES;
				GCC_WARN_UNUSED_VARIABLE = YES;
				IPHONEOS_DEPLOYMENT_TARGET = 12.0;
				MTL_ENABLE_DEBUG_INFO = INCLUDE_SOURCE;
				MTL_FAST_MATH = YES;
				ONLY_ACTIVE_ARCH = YES;
				SDKROOT = iphoneos;
				SWIFT_ACTIVE_COMPILATION_CONDITIONS = DEBUG;
				SWIFT_OPTIMIZATION_LEVEL = "-Onone";
			};
			name = Debug;
		};
		84FBC8A521E3D2F000DE193B /* Release */ = {
			isa = XCBuildConfiguration;
			buildSettings = {
				ALWAYS_SEARCH_USER_PATHS = NO;
				CLANG_ANALYZER_NONNULL = YES;
				CLANG_ANALYZER_NUMBER_OBJECT_CONVERSION = YES_AGGRESSIVE;
				CLANG_CXX_LANGUAGE_STANDARD = "gnu++14";
				CLANG_CXX_LIBRARY = "libc++";
				CLANG_ENABLE_MODULES = YES;
				CLANG_ENABLE_OBJC_ARC = YES;
				CLANG_ENABLE_OBJC_WEAK = YES;
				CLANG_WARN_BLOCK_CAPTURE_AUTORELEASING = YES;
				CLANG_WARN_BOOL_CONVERSION = YES;
				CLANG_WARN_COMMA = YES;
				CLANG_WARN_CONSTANT_CONVERSION = YES;
				CLANG_WARN_DEPRECATED_OBJC_IMPLEMENTATIONS = YES;
				CLANG_WARN_DIRECT_OBJC_ISA_USAGE = YES_ERROR;
				CLANG_WARN_DOCUMENTATION_COMMENTS = YES;
				CLANG_WARN_EMPTY_BODY = YES;
				CLANG_WARN_ENUM_CONVERSION = YES;
				CLANG_WARN_INFINITE_RECURSION = YES;
				CLANG_WARN_INT_CONVERSION = YES;
				CLANG_WARN_NON_LITERAL_NULL_CONVERSION = YES;
				CLANG_WARN_OBJC_IMPLICIT_RETAIN_SELF = YES;
				CLANG_WARN_OBJC_LITERAL_CONVERSION = YES;
				CLANG_WARN_OBJC_ROOT_CLASS = YES_ERROR;
				CLANG_WARN_RANGE_LOOP_ANALYSIS = YES;
				CLANG_WARN_STRICT_PROTOTYPES = YES;
				CLANG_WARN_SUSPICIOUS_MOVE = YES;
				CLANG_WARN_UNGUARDED_AVAILABILITY = YES_AGGRESSIVE;
				CLANG_WARN_UNREACHABLE_CODE = YES;
				CLANG_WARN__DUPLICATE_METHOD_MATCH = YES;
				CODE_SIGN_IDENTITY = "iPhone Developer";
				COPY_PHASE_STRIP = NO;
				DEBUG_INFORMATION_FORMAT = "dwarf-with-dsym";
				ENABLE_NS_ASSERTIONS = NO;
				ENABLE_STRICT_OBJC_MSGSEND = YES;
				GCC_C_LANGUAGE_STANDARD = gnu11;
				GCC_NO_COMMON_BLOCKS = YES;
				GCC_WARN_64_TO_32_BIT_CONVERSION = YES;
				GCC_WARN_ABOUT_RETURN_TYPE = YES_ERROR;
				GCC_WARN_UNDECLARED_SELECTOR = YES;
				GCC_WARN_UNINITIALIZED_AUTOS = YES_AGGRESSIVE;
				GCC_WARN_UNUSED_FUNCTION = YES;
				GCC_WARN_UNUSED_VARIABLE = YES;
				IPHONEOS_DEPLOYMENT_TARGET = 12.0;
				MTL_ENABLE_DEBUG_INFO = NO;
				MTL_FAST_MATH = YES;
				SDKROOT = iphoneos;
				SWIFT_COMPILATION_MODE = wholemodule;
				SWIFT_OPTIMIZATION_LEVEL = "-O";
				VALIDATE_PRODUCT = YES;
			};
			name = Release;
		};
		84FBC8A721E3D2F000DE193B /* Debug */ = {
			isa = XCBuildConfiguration;
			buildSettings = {
				ASSETCATALOG_COMPILER_APPICON_NAME = AppIcon;
				CODE_SIGN_STYLE = Automatic;
				INFOPLIST_FILE = Practica1/Info.plist;
				LD_RUNPATH_SEARCH_PATHS = (
					"$(inherited)",
					"@executable_path/Frameworks",
				);
				PRODUCT_BUNDLE_IDENTIFIER = "-234.Practica1";
				PRODUCT_NAME = "$(TARGET_NAME)";
				SWIFT_VERSION = 4.2;
				TARGETED_DEVICE_FAMILY = "1,2";
			};
			name = Debug;
		};
		84FBC8A821E3D2F000DE193B /* Release */ = {
			isa = XCBuildConfiguration;
			buildSettings = {
				ASSETCATALOG_COMPILER_APPICON_NAME = AppIcon;
				CODE_SIGN_STYLE = Automatic;
				INFOPLIST_FILE = Practica1/Info.plist;
				LD_RUNPATH_SEARCH_PATHS = (
					"$(inherited)",
					"@executable_path/Frameworks",
				);
				PRODUCT_BUNDLE_IDENTIFIER = "-234.Practica1";
				PRODUCT_NAME = "$(TARGET_NAME)";
				SWIFT_VERSION = 4.2;
				TARGETED_DEVICE_FAMILY = "1,2";
			};
			name = Release;
		};
		84FBC8AA21E3D2F000DE193B /* Debug */ = {
			isa = XCBuildConfiguration;
			buildSettings = {
				ALWAYS_EMBED_SWIFT_STANDARD_LIBRARIES = YES;
				BUNDLE_LOADER = "$(TEST_HOST)";
				CODE_SIGN_STYLE = Automatic;
				INFOPLIST_FILE = Practica1Tests/Info.plist;
				LD_RUNPATH_SEARCH_PATHS = (
					"$(inherited)",
					"@executable_path/Frameworks",
					"@loader_path/Frameworks",
				);
				PRODUCT_BUNDLE_IDENTIFIER = "-234.Practica1Tests";
				PRODUCT_NAME = "$(TARGET_NAME)";
				SWIFT_VERSION = 4.2;
				TARGETED_DEVICE_FAMILY = "1,2";
				TEST_HOST = "$(BUILT_PRODUCTS_DIR)/Practica1.app/Practica1";
			};
			name = Debug;
		};
		84FBC8AB21E3D2F000DE193B /* Release */ = {
			isa = XCBuildConfiguration;
			buildSettings = {
				ALWAYS_EMBED_SWIFT_STANDARD_LIBRARIES = YES;
				BUNDLE_LOADER = "$(TEST_HOST)";
				CODE_SIGN_STYLE = Automatic;
				INFOPLIST_FILE = Practica1Tests/Info.plist;
				LD_RUNPATH_SEARCH_PATHS = (
					"$(inherited)",
					"@executable_path/Frameworks",
					"@loader_path/Frameworks",
				);
				PRODUCT_BUNDLE_IDENTIFIER = "-234.Practica1Tests";
				PRODUCT_NAME = "$(TARGET_NAME)";
				SWIFT_VERSION = 4.2;
				TARGETED_DEVICE_FAMILY = "1,2";
				TEST_HOST = "$(BUILT_PRODUCTS_DIR)/Practica1.app/Practica1";
			};
			name = Release;
		};
		84FBC8AD21E3D2F000DE193B /* Debug */ = {
			isa = XCBuildConfiguration;
			buildSettings = {
				ALWAYS_EMBED_SWIFT_STANDARD_LIBRARIES = YES;
				CODE_SIGN_STYLE = Automatic;
				INFOPLIST_FILE = Practica1UITests/Info.plist;
				LD_RUNPATH_SEARCH_PATHS = (
					"$(inherited)",
					"@executable_path/Frameworks",
					"@loader_path/Frameworks",
				);
				PRODUCT_BUNDLE_IDENTIFIER = "-234.Practica1UITests";
				PRODUCT_NAME = "$(TARGET_NAME)";
				SWIFT_VERSION = 4.2;
				TARGETED_DEVICE_FAMILY = "1,2";
				TEST_TARGET_NAME = Practica1;
			};
			name = Debug;
		};
		84FBC8AE21E3D2F000DE193B /* Release */ = {
			isa = XCBuildConfiguration;
			buildSettings = {
				ALWAYS_EMBED_SWIFT_STANDARD_LIBRARIES = YES;
				CODE_SIGN_STYLE = Automatic;
				INFOPLIST_FILE = Practica1UITests/Info.plist;
				LD_RUNPATH_SEARCH_PATHS = (
					"$(inherited)",
					"@executable_path/Frameworks",
					"@loader_path/Frameworks",
				);
				PRODUCT_BUNDLE_IDENTIFIER = "-234.Practica1UITests";
				PRODUCT_NAME = "$(TARGET_NAME)";
				SWIFT_VERSION = 4.2;
				TARGETED_DEVICE_FAMILY = "1,2";
				TEST_TARGET_NAME = Practica1;
			};
			name = Release;
		};
/* End XCBuildConfiguration section */

/* Begin XCConfigurationList section */
		84FBC87921E3D2EF00DE193B /* Build configuration list for PBXProject "Practica1" */ = {
			isa = XCConfigurationList;
			buildConfigurations = (
				84FBC8A421E3D2F000DE193B /* Debug */,
				84FBC8A521E3D2F000DE193B /* Release */,
			);
			defaultConfigurationIsVisible = 0;
			defaultConfigurationName = Release;
		};
		84FBC8A621E3D2F000DE193B /* Build configuration list for PBXNativeTarget "Practica1" */ = {
			isa = XCConfigurationList;
			buildConfigurations = (
				84FBC8A721E3D2F000DE193B /* Debug */,
				84FBC8A821E3D2F000DE193B /* Release */,
			);
			defaultConfigurationIsVisible = 0;
			defaultConfigurationName = Release;
		};
		84FBC8A921E3D2F000DE193B /* Build configuration list for PBXNativeTarget "Practica1Tests" */ = {
			isa = XCConfigurationList;
			buildConfigurations = (
				84FBC8AA21E3D2F000DE193B /* Debug */,
				84FBC8AB21E3D2F000DE193B /* Release */,
			);
			defaultConfigurationIsVisible = 0;
			defaultConfigurationName = Release;
		};
		84FBC8AC21E3D2F000DE193B /* Build configuration list for PBXNativeTarget "Practica1UITests" */ = {
			isa = XCConfigurationList;
			buildConfigurations = (
				84FBC8AD21E3D2F000DE193B /* Debug */,
				84FBC8AE21E3D2F000DE193B /* Release */,
			);
			defaultConfigurationIsVisible = 0;
			defaultConfigurationName = Release;
		};
/* End XCConfigurationList section */

/* Begin XCVersionGroup section */
		847AC00121E7F97C009E8A7B /* ModelEmpleado.xcdatamodeld */ = {
			isa = XCVersionGroup;
			children = (
				847AC00221E7F97C009E8A7B /* ModelEmpleado.xcdatamodel */,
			);
			currentVersion = 847AC00221E7F97C009E8A7B /* ModelEmpleado.xcdatamodel */;
			path = ModelEmpleado.xcdatamodeld;
			sourceTree = "<group>";
			versionGroupType = wrapper.xcdatamodel;
		};
/* End XCVersionGroup section */
	};
	rootObject = 84FBC87621E3D2EF00DE193B /* Project object */;
}
